
Microsoft Visual Studio Solution File, Format Version 12.00
# Visual Studio Version 16
VisualStudioVersion = 25.0.1704.4
MinimumVisualStudioVersion = 10.0.40219.1
Project("{FAE04EC0-301F-11D3-BF4B-00C04F79EFBC}") = "Mission6", "Mission6\Mission6.csproj", "{C61E2B38-D11F-4031-A5B1-A5A56FEC6881}"
EndProject
Global
	GlobalSection(SolutionConfigurationPlatforms) = preSolution
		Debug|Any CPU = Debug|Any CPU
		Release|Any CPU = Release|Any CPU
	EndGlobalSection
	GlobalSection(ProjectConfigurationPlatforms) = postSolution
		{C61E2B38-D11F-4031-A5B1-A5A56FEC6881}.Debug|Any CPU.ActiveCfg = Debug|Any CPU
		{C61E2B38-D11F-4031-A5B1-A5A56FEC6881}.Debug|Any CPU.Build.0 = Debug|Any CPU
		{C61E2B38-D11F-4031-A5B1-A5A56FEC6881}.Release|Any CPU.ActiveCfg = Release|Any CPU
		{C61E2B38-D11F-4031-A5B1-A5A56FEC6881}.Release|Any CPU.Build.0 = Release|Any CPU
	EndGlobalSection
	GlobalSection(SolutionProperties) = preSolution
		HideSolutionNode = FALSE
	EndGlobalSection
	GlobalSection(ExtensibilityGlobals) = postSolution
		SolutionGuid = {FC404090-13CA-4F83-850C-4516617A296E}
	EndGlobalSection
EndGlobal
